// !$*UTF8*$!
{
	archiveVersion = 1;
	classes = {
	};
	objectVersion = 50;
	objects = {

/* Begin PBXBuildFile section */
		800F9F27246653D9004C4D70 /* AppDelegate.swift in Sources */ = {isa = PBXBuildFile; fileRef = 800F9F26246653D9004C4D70 /* AppDelegate.swift */; };
		800F9F29246653D9004C4D70 /* SceneDelegate.swift in Sources */ = {isa = PBXBuildFile; fileRef = 800F9F28246653D9004C4D70 /* SceneDelegate.swift */; };
		800F9F2B246653D9004C4D70 /* ViewController.swift in Sources */ = {isa = PBXBuildFile; fileRef = 800F9F2A246653D9004C4D70 /* ViewController.swift */; };
		800F9F2E246653D9004C4D70 /* Main.storyboard in Resources */ = {isa = PBXBuildFile; fileRef = 800F9F2C246653D9004C4D70 /* Main.storyboard */; };
		800F9F31246653D9004C4D70 /* Contactivity.xcdatamodeld in Sources */ = {isa = PBXBuildFile; fileRef = 800F9F2F246653D9004C4D70 /* Contactivity.xcdatamodeld */; };
		800F9F33246653DA004C4D70 /* Assets.xcassets in Resources */ = {isa = PBXBuildFile; fileRef = 800F9F32246653DA004C4D70 /* Assets.xcassets */; };
		800F9F36246653DA004C4D70 /* LaunchScreen.storyboard in Resources */ = {isa = PBXBuildFile; fileRef = 800F9F34246653DA004C4D70 /* LaunchScreen.storyboard */; };
		800F9F41246653DB004C4D70 /* ContactivityTests.swift in Sources */ = {isa = PBXBuildFile; fileRef = 800F9F40246653DB004C4D70 /* ContactivityTests.swift */; };
		800F9F4C246653F9004C4D70 /* Login.storyboard in Resources */ = {isa = PBXBuildFile; fileRef = 800F9F4B246653F9004C4D70 /* Login.storyboard */; };
		800F9F4E24665420004C4D70 /* LogInController.swift in Sources */ = {isa = PBXBuildFile; fileRef = 800F9F4D24665420004C4D70 /* LogInController.swift */; };
		800F9F5024665432004C4D70 /* TabViewController.swift in Sources */ = {isa = PBXBuildFile; fileRef = 800F9F4F24665432004C4D70 /* TabViewController.swift */; };
/* End PBXBuildFile section */

/* Begin PBXContainerItemProxy section */
		800F9F3D246653DB004C4D70 /* PBXContainerItemProxy */ = {
			isa = PBXContainerItemProxy;
			containerPortal = 800F9F1B246653D9004C4D70 /* Project object */;
			proxyType = 1;
			remoteGlobalIDString = 800F9F22246653D9004C4D70;
			remoteInfo = Contactivity;
		};
/* End PBXContainerItemProxy section */

/* Begin PBXFileReference section */
		800F9F23246653D9004C4D70 /* Contactivity.app */ = {isa = PBXFileReference; explicitFileType = wrapper.application; includeInIndex = 0; path = Contactivity.app; sourceTree = BUILT_PRODUCTS_DIR; };
		800F9F26246653D9004C4D70 /* AppDelegate.swift */ = {isa = PBXFileReference; lastKnownFileType = sourcecode.swift; path = AppDelegate.swift; sourceTree = "<group>"; };
		800F9F28246653D9004C4D70 /* SceneDelegate.swift */ = {isa = PBXFileReference; lastKnownFileType = sourcecode.swift; path = SceneDelegate.swift; sourceTree = "<group>"; };
		800F9F2A246653D9004C4D70 /* ViewController.swift */ = {isa = PBXFileReference; lastKnownFileType = sourcecode.swift; path = ViewController.swift; sourceTree = "<group>"; };
		800F9F2D246653D9004C4D70 /* Base */ = {isa = PBXFileReference; lastKnownFileType = file.storyboard; name = Base; path = Base.lproj/Main.storyboard; sourceTree = "<group>"; };
		800F9F30246653D9004C4D70 /* Contactivity.xcdatamodel */ = {isa = PBXFileReference; lastKnownFileType = wrapper.xcdatamodel; path = Contactivity.xcdatamodel; sourceTree = "<group>"; };
		800F9F32246653DA004C4D70 /* Assets.xcassets */ = {isa = PBXFileReference; lastKnownFileType = folder.assetcatalog; path = Assets.xcassets; sourceTree = "<group>"; };
		800F9F35246653DA004C4D70 /* Base */ = {isa = PBXFileReference; lastKnownFileType = file.storyboard; name = Base; path = Base.lproj/LaunchScreen.storyboard; sourceTree = "<group>"; };
		800F9F37246653DA004C4D70 /* Info.plist */ = {isa = PBXFileReference; lastKnownFileType = text.plist.xml; path = Info.plist; sourceTree = "<group>"; };
		800F9F3C246653DB004C4D70 /* ContactivityTests.xctest */ = {isa = PBXFileReference; explicitFileType = wrapper.cfbundle; includeInIndex = 0; path = ContactivityTests.xctest; sourceTree = BUILT_PRODUCTS_DIR; };
		800F9F40246653DB004C4D70 /* ContactivityTests.swift */ = {isa = PBXFileReference; lastKnownFileType = sourcecode.swift; path = ContactivityTests.swift; sourceTree = "<group>"; };
		800F9F42246653DB004C4D70 /* Info.plist */ = {isa = PBXFileReference; lastKnownFileType = text.plist.xml; path = Info.plist; sourceTree = "<group>"; };
		800F9F4B246653F9004C4D70 /* Login.storyboard */ = {isa = PBXFileReference; lastKnownFileType = file.storyboard; path = Login.storyboard; sourceTree = "<group>"; };
		800F9F4D24665420004C4D70 /* LogInController.swift */ = {isa = PBXFileReference; lastKnownFileType = sourcecode.swift; path = LogInController.swift; sourceTree = "<group>"; };
		800F9F4F24665432004C4D70 /* TabViewController.swift */ = {isa = PBXFileReference; lastKnownFileType = sourcecode.swift; path = TabViewController.swift; sourceTree = "<group>"; };
/* End PBXFileReference section */

/* Begin PBXFrameworksBuildPhase section */
		800F9F20246653D9004C4D70 /* Frameworks */ = {
			isa = PBXFrameworksBuildPhase;
			buildActionMask = 2147483647;
			files = (
			);
			runOnlyForDeploymentPostprocessing = 0;
		};
		800F9F39246653DB004C4D70 /* Frameworks */ = {
			isa = PBXFrameworksBuildPhase;
			buildActionMask = 2147483647;
			files = (
			);
			runOnlyForDeploymentPostprocessing = 0;
		};
/* End PBXFrameworksBuildPhase section */

/* Begin PBXGroup section */
		800F9F1A246653D9004C4D70 = {
			isa = PBXGroup;
			children = (
				800F9F25246653D9004C4D70 /* Contactivity */,
				800F9F3F246653DB004C4D70 /* ContactivityTests */,
				800F9F24246653D9004C4D70 /* Products */,
			);
			sourceTree = "<group>";
		};
		800F9F24246653D9004C4D70 /* Products */ = {
			isa = PBXGroup;
			children = (
				800F9F23246653D9004C4D70 /* Contactivity.app */,
				800F9F3C246653DB004C4D70 /* ContactivityTests.xctest */,
			);
			name = Products;
			sourceTree = "<group>";
		};
		800F9F25246653D9004C4D70 /* Contactivity */ = {
			isa = PBXGroup;
			children = (
				800F9F26246653D9004C4D70 /* AppDelegate.swift */,
				800F9F28246653D9004C4D70 /* SceneDelegate.swift */,
				800F9F2A246653D9004C4D70 /* ViewController.swift */,
				800F9F4D24665420004C4D70 /* LogInController.swift */,
				800F9F4F24665432004C4D70 /* TabViewController.swift */,
				800F9F4B246653F9004C4D70 /* Login.storyboard */,
				800F9F2C246653D9004C4D70 /* Main.storyboard */,
				800F9F32246653DA004C4D70 /* Assets.xcassets */,
				800F9F34246653DA004C4D70 /* LaunchScreen.storyboard */,
				800F9F37246653DA004C4D70 /* Info.plist */,
				800F9F2F246653D9004C4D70 /* Contactivity.xcdatamodeld */,
			);
			path = Contactivity;
			sourceTree = "<group>";
		};
		800F9F3F246653DB004C4D70 /* ContactivityTests */ = {
			isa = PBXGroup;
			children = (
				800F9F40246653DB004C4D70 /* ContactivityTests.swift */,
				800F9F42246653DB004C4D70 /* Info.plist */,
			);
			path = ContactivityTests;
			sourceTree = "<group>";
		};
/* End PBXGroup section */

/* Begin PBXNativeTarget section */
		800F9F22246653D9004C4D70 /* Contactivity */ = {
			isa = PBXNativeTarget;
			buildConfigurationList = 800F9F45246653DB004C4D70 /* Build configuration list for PBXNativeTarget "Contactivity" */;
			buildPhases = (
				800F9F1F246653D9004C4D70 /* Sources */,
				800F9F20246653D9004C4D70 /* Frameworks */,
				800F9F21246653D9004C4D70 /* Resources */,
			);
			buildRules = (
			);
			dependencies = (
			);
			name = Contactivity;
			productName = Contactivity;
			productReference = 800F9F23246653D9004C4D70 /* Contactivity.app */;
			productType = "com.apple.product-type.application";
		};
		800F9F3B246653DB004C4D70 /* ContactivityTests */ = {
			isa = PBXNativeTarget;
			buildConfigurationList = 800F9F48246653DB004C4D70 /* Build configuration list for PBXNativeTarget "ContactivityTests" */;
			buildPhases = (
				800F9F38246653DB004C4D70 /* Sources */,
				800F9F39246653DB004C4D70 /* Frameworks */,
				800F9F3A246653DB004C4D70 /* Resources */,
			);
			buildRules = (
			);
			dependencies = (
				800F9F3E246653DB004C4D70 /* PBXTargetDependency */,
			);
			name = ContactivityTests;
			productName = ContactivityTests;
			productReference = 800F9F3C246653DB004C4D70 /* ContactivityTests.xctest */;
			productType = "com.apple.product-type.bundle.unit-test";
		};
/* End PBXNativeTarget section */

/* Begin PBXProject section */
		800F9F1B246653D9004C4D70 /* Project object */ = {
			isa = PBXProject;
			attributes = {
				LastSwiftUpdateCheck = 1140;
				LastUpgradeCheck = 1140;
				ORGANIZATIONNAME = "Maitree Bain";
				TargetAttributes = {
					800F9F22246653D9004C4D70 = {
						CreatedOnToolsVersion = 11.4.1;
					};
					800F9F3B246653DB004C4D70 = {
						CreatedOnToolsVersion = 11.4.1;
						TestTargetID = 800F9F22246653D9004C4D70;
					};
				};
			};
			buildConfigurationList = 800F9F1E246653D9004C4D70 /* Build configuration list for PBXProject "Contactivity" */;
			compatibilityVersion = "Xcode 9.3";
			developmentRegion = en;
			hasScannedForEncodings = 0;
			knownRegions = (
				en,
				Base,
			);
			mainGroup = 800F9F1A246653D9004C4D70;
			productRefGroup = 800F9F24246653D9004C4D70 /* Products */;
			projectDirPath = "";
			projectRoot = "";
			targets = (
				800F9F22246653D9004C4D70 /* Contactivity */,
				800F9F3B246653DB004C4D70 /* ContactivityTests */,
			);
		};
/* End PBXProject section */

/* Begin PBXResourcesBuildPhase section */
		800F9F21246653D9004C4D70 /* Resources */ = {
			isa = PBXResourcesBuildPhase;
			buildActionMask = 2147483647;
			files = (
				800F9F4C246653F9004C4D70 /* Login.storyboard in Resources */,
				800F9F36246653DA004C4D70 /* LaunchScreen.storyboard in Resources */,
				800F9F33246653DA004C4D70 /* Assets.xcassets in Resources */,
				800F9F2E246653D9004C4D70 /* Main.storyboard in Resources */,
			);
			runOnlyForDeploymentPostprocessing = 0;
		};
		800F9F3A246653DB004C4D70 /* Resources */ = {
			isa = PBXResourcesBuildPhase;
			buildActionMask = 2147483647;
			files = (
			);
			runOnlyForDeploymentPostprocessing = 0;
		};
/* End PBXResourcesBuildPhase section */

/* Begin PBXSourcesBuildPhase section */
		800F9F1F246653D9004C4D70 /* Sources */ = {
			isa = PBXSourcesBuildPhase;
			buildActionMask = 2147483647;
			files = (
				800F9F5024665432004C4D70 /* TabViewController.swift in Sources */,
				800F9F2B246653D9004C4D70 /* ViewController.swift in Sources */,
				800F9F27246653D9004C4D70 /* AppDelegate.swift in Sources */,
				800F9F4E24665420004C4D70 /* LogInController.swift in Sources */,
				800F9F31246653D9004C4D70 /* Contactivity.xcdatamodeld in Sources */,
				800F9F29246653D9004C4D70 /* SceneDelegate.swift in Sources */,
			);
			runOnlyForDeploymentPostprocessing = 0;
		};
		800F9F38246653DB004C4D70 /* Sources */ = {
			isa = PBXSourcesBuildPhase;
			buildActionMask = 2147483647;
			files = (
				800F9F41246653DB004C4D70 /* ContactivityTests.swift in Sources */,
			);
			runOnlyForDeploymentPostprocessing = 0;
		};
/* End PBXSourcesBuildPhase section */

/* Begin PBXTargetDependency section */
		800F9F3E246653DB004C4D70 /* PBXTargetDependency */ = {
			isa = PBXTargetDependency;
			target = 800F9F22246653D9004C4D70 /* Contactivity */;
			targetProxy = 800F9F3D246653DB004C4D70 /* PBXContainerItemProxy */;
		};
/* End PBXTargetDependency section */

/* Begin PBXVariantGroup section */
		800F9F2C246653D9004C4D70 /* Main.storyboard */ = {
			isa = PBXVariantGroup;
			children = (
				800F9F2D246653D9004C4D70 /* Base */,
			);
			name = Main.storyboard;
			sourceTree = "<group>";
		};
		800F9F34246653DA004C4D70 /* LaunchScreen.storyboard */ = {
			isa = PBXVariantGroup;
			children = (
				800F9F35246653DA004C4D70 /* Base */,
			);
			name = LaunchScreen.storyboard;
			sourceTree = "<group>";
		};
/* End PBXVariantGroup section */

/* Begin XCBuildConfiguration section */
		800F9F43246653DB004C4D70 /* Debug */ = {
			isa = XCBuildConfiguration;
			buildSettings = {
				ALWAYS_SEARCH_USER_PATHS = NO;
				CLANG_ANALYZER_NONNULL = YES;
				CLANG_ANALYZER_NUMBER_OBJECT_CONVERSION = YES_AGGRESSIVE;
				CLANG_CXX_LANGUAGE_STANDARD = "gnu++14";
				CLANG_CXX_LIBRARY = "libc++";
				CLANG_ENABLE_MODULES = YES;
				CLANG_ENABLE_OBJC_ARC = YES;
				CLANG_ENABLE_OBJC_WEAK = YES;
				CLANG_WARN_BLOCK_CAPTURE_AUTORELEASING = YES;
				CLANG_WARN_BOOL_CONVERSION = YES;
				CLANG_WARN_COMMA = YES;
				CLANG_WARN_CONSTANT_CONVERSION = YES;
				CLANG_WARN_DEPRECATED_OBJC_IMPLEMENTATIONS = YES;
				CLANG_WARN_DIRECT_OBJC_ISA_USAGE = YES_ERROR;
				CLANG_WARN_DOCUMENTATION_COMMENTS = YES;
				CLANG_WARN_EMPTY_BODY = YES;
				CLANG_WARN_ENUM_CONVERSION = YES;
				CLANG_WARN_INFINITE_RECURSION = YES;
				CLANG_WARN_INT_CONVERSION = YES;
				CLANG_WARN_NON_LITERAL_NULL_CONVERSION = YES;
				CLANG_WARN_OBJC_IMPLICIT_RETAIN_SELF = YES;
				CLANG_WARN_OBJC_LITERAL_CONVERSION = YES;
				CLANG_WARN_OBJC_ROOT_CLASS = YES_ERROR;
				CLANG_WARN_RANGE_LOOP_ANALYSIS = YES;
				CLANG_WARN_STRICT_PROTOTYPES = YES;
				CLANG_WARN_SUSPICIOUS_MOVE = YES;
				CLANG_WARN_UNGUARDED_AVAILABILITY = YES_AGGRESSIVE;
				CLANG_WARN_UNREACHABLE_CODE = YES;
				CLANG_WARN__DUPLICATE_METHOD_MATCH = YES;
				COPY_PHASE_STRIP = NO;
				DEBUG_INFORMATION_FORMAT = dwarf;
				ENABLE_STRICT_OBJC_MSGSEND = YES;
				ENABLE_TESTABILITY = YES;
				GCC_C_LANGUAGE_STANDARD = gnu11;
				GCC_DYNAMIC_NO_PIC = NO;
				GCC_NO_COMMON_BLOCKS = YES;
				GCC_OPTIMIZATION_LEVEL = 0;
				GCC_PREPROCESSOR_DEFINITIONS = (
					"DEBUG=1",
					"$(inherited)",
				);
				GCC_WARN_64_TO_32_BIT_CONVERSION = YES;
				GCC_WARN_ABOUT_RETURN_TYPE = YES_ERROR;
				GCC_WARN_UNDECLARED_SELECTOR = YES;
				GCC_WARN_UNINITIALIZED_AUTOS = YES_AGGRESSIVE;
				GCC_WARN_UNUSED_FUNCTION = YES;
				GCC_WARN_UNUSED_VARIABLE = YES;
				IPHONEOS_DEPLOYMENT_TARGET = 13.4;
				MTL_ENABLE_DEBUG_INFO = INCLUDE_SOURCE;
				MTL_FAST_MATH = YES;
				ONLY_ACTIVE_ARCH = YES;
				SDKROOT = iphoneos;
				SWIFT_ACTIVE_COMPILATION_CONDITIONS = DEBUG;
				SWIFT_OPTIMIZATION_LEVEL = "-Onone";
			};
			name = Debug;
		};
		800F9F44246653DB004C4D70 /* Release */ = {
			isa = XCBuildConfiguration;
			buildSettings = {
				ALWAYS_SEARCH_USER_PATHS = NO;
				CLANG_ANALYZER_NONNULL = YES;
				CLANG_ANALYZER_NUMBER_OBJECT_CONVERSION = YES_AGGRESSIVE;
				CLANG_CXX_LANGUAGE_STANDARD = "gnu++14";
				CLANG_CXX_LIBRARY = "libc++";
				CLANG_ENABLE_MODULES = YES;
				CLANG_ENABLE_OBJC_ARC = YES;
				CLANG_ENABLE_OBJC_WEAK = YES;
				CLANG_WARN_BLOCK_CAPTURE_AUTORELEASING = YES;
				CLANG_WARN_BOOL_CONVERSION = YES;
				CLANG_WARN_COMMA = YES;
				CLANG_WARN_CONSTANT_CONVERSION = YES;
				CLANG_WARN_DEPRECATED_OBJC_IMPLEMENTATIONS = YES;
				CLANG_WARN_DIRECT_OBJC_ISA_USAGE = YES_ERROR;
				CLANG_WARN_DOCUMENTATION_COMMENTS = YES;
				CLANG_WARN_EMPTY_BODY = YES;
				CLANG_WARN_ENUM_CONVERSION = YES;
				CLANG_WARN_INFINITE_RECURSION = YES;
				CLANG_WARN_INT_CONVERSION = YES;
				CLANG_WARN_NON_LITERAL_NULL_CONVERSION = YES;
				CLANG_WARN_OBJC_IMPLICIT_RETAIN_SELF = YES;
				CLANG_WARN_OBJC_LITERAL_CONVERSION = YES;
				CLANG_WARN_OBJC_ROOT_CLASS = YES_ERROR;
				CLANG_WARN_RANGE_LOOP_ANALYSIS = YES;
				CLANG_WARN_STRICT_PROTOTYPES = YES;
				CLANG_WARN_SUSPICIOUS_MOVE = YES;
				CLANG_WARN_UNGUARDED_AVAILABILITY = YES_AGGRESSIVE;
				CLANG_WARN_UNREACHABLE_CODE = YES;
				CLANG_WARN__DUPLICATE_METHOD_MATCH = YES;
				COPY_PHASE_STRIP = NO;
				DEBUG_INFORMATION_FORMAT = "dwarf-with-dsym";
				ENABLE_NS_ASSERTIONS = NO;
				ENABLE_STRICT_OBJC_MSGSEND = YES;
				GCC_C_LANGUAGE_STANDARD = gnu11;
				GCC_NO_COMMON_BLOCKS = YES;
				GCC_WARN_64_TO_32_BIT_CONVERSION = YES;
				GCC_WARN_ABOUT_RETURN_TYPE = YES_ERROR;
				GCC_WARN_UNDECLARED_SELECTOR = YES;
				GCC_WARN_UNINITIALIZED_AUTOS = YES_AGGRESSIVE;
				GCC_WARN_UNUSED_FUNCTION = YES;
				GCC_WARN_UNUSED_VARIABLE = YES;
				IPHONEOS_DEPLOYMENT_TARGET = 13.4;
				MTL_ENABLE_DEBUG_INFO = NO;
				MTL_FAST_MATH = YES;
				SDKROOT = iphoneos;
				SWIFT_COMPILATION_MODE = wholemodule;
				SWIFT_OPTIMIZATION_LEVEL = "-O";
				VALIDATE_PRODUCT = YES;
			};
			name = Release;
		};
		800F9F46246653DB004C4D70 /* Debug */ = {
			isa = XCBuildConfiguration;
			buildSettings = {
				ASSETCATALOG_COMPILER_APPICON_NAME = AppIcon;
				CODE_SIGN_STYLE = Automatic;
				DEVELOPMENT_TEAM = P547T297G7;
				INFOPLIST_FILE = Contactivity/Info.plist;
				LD_RUNPATH_SEARCH_PATHS = (
					"$(inherited)",
					"@executable_path/Frameworks",
				);
				PRODUCT_BUNDLE_IDENTIFIER = com.MaitreeBain.Contactivity;
				PRODUCT_NAME = "$(TARGET_NAME)";
				SWIFT_VERSION = 5.0;
				TARGETED_DEVICE_FAMILY = "1,2";
			};
			name = Debug;
		};
		800F9F47246653DB004C4D70 /* Release */ = {
			isa = XCBuildConfiguration;
			buildSettings = {
				ASSETCATALOG_COMPILER_APPICON_NAME = AppIcon;
				CODE_SIGN_STYLE = Automatic;
				DEVELOPMENT_TEAM = P547T297G7;
				INFOPLIST_FILE = Contactivity/Info.plist;
				LD_RUNPATH_SEARCH_PATHS = (
					"$(inherited)",
					"@executable_path/Frameworks",
				);
				PRODUCT_BUNDLE_IDENTIFIER = com.MaitreeBain.Contactivity;
				PRODUCT_NAME = "$(TARGET_NAME)";
				SWIFT_VERSION = 5.0;
				TARGETED_DEVICE_FAMILY = "1,2";
			};
			name = Release;
		};
		800F9F49246653DB004C4D70 /* Debug */ = {
			isa = XCBuildConfiguration;
			buildSettings = {
				ALWAYS_EMBED_SWIFT_STANDARD_LIBRARIES = YES;
				BUNDLE_LOADER = "$(TEST_HOST)";
				CODE_SIGN_STYLE = Automatic;
				DEVELOPMENT_TEAM = P547T297G7;
				INFOPLIST_FILE = ContactivityTests/Info.plist;
				IPHONEOS_DEPLOYMENT_TARGET = 13.4;
				LD_RUNPATH_SEARCH_PATHS = (
					"$(inherited)",
					"@executable_path/Frameworks",
					"@loader_path/Frameworks",
				);
				PRODUCT_BUNDLE_IDENTIFIER = com.MaitreeBain.ContactivityTests;
				PRODUCT_NAME = "$(TARGET_NAME)";
				SWIFT_VERSION = 5.0;
				TARGETED_DEVICE_FAMILY = "1,2";
				TEST_HOST = "$(BUILT_PRODUCTS_DIR)/Contactivity.app/Contactivity";
			};
			name = Debug;
		};
		800F9F4A246653DB004C4D70 /* Release */ = {
			isa = XCBuildConfiguration;
			buildSettings = {
				ALWAYS_EMBED_SWIFT_STANDARD_LIBRARIES = YES;
				BUNDLE_LOADER = "$(TEST_HOST)";
				CODE_SIGN_STYLE = Automatic;
				DEVELOPMENT_TEAM = P547T297G7;
				INFOPLIST_FILE = ContactivityTests/Info.plist;
				IPHONEOS_DEPLOYMENT_TARGET = 13.4;
				LD_RUNPATH_SEARCH_PATHS = (
					"$(inherited)",
					"@executable_path/Frameworks",
					"@loader_path/Frameworks",
				);
				PRODUCT_BUNDLE_IDENTIFIER = com.MaitreeBain.ContactivityTests;
				PRODUCT_NAME = "$(TARGET_NAME)";
				SWIFT_VERSION = 5.0;
				TARGETED_DEVICE_FAMILY = "1,2";
				TEST_HOST = "$(BUILT_PRODUCTS_DIR)/Contactivity.app/Contactivity";
			};
			name = Release;
		};
/* End XCBuildConfiguration section */

/* Begin XCConfigurationList section */
		800F9F1E246653D9004C4D70 /* Build configuration list for PBXProject "Contactivity" */ = {
			isa = XCConfigurationList;
			buildConfigurations = (
				800F9F43246653DB004C4D70 /* Debug */,
				800F9F44246653DB004C4D70 /* Release */,
			);
			defaultConfigurationIsVisible = 0;
			defaultConfigurationName = Release;
		};
		800F9F45246653DB004C4D70 /* Build configuration list for PBXNativeTarget "Contactivity" */ = {
			isa = XCConfigurationList;
			buildConfigurations = (
				800F9F46246653DB004C4D70 /* Debug */,
				800F9F47246653DB004C4D70 /* Release */,
			);
			defaultConfigurationIsVisible = 0;
			defaultConfigurationName = Release;
		};
		800F9F48246653DB004C4D70 /* Build configuration list for PBXNativeTarget "ContactivityTests" */ = {
			isa = XCConfigurationList;
			buildConfigurations = (
				800F9F49246653DB004C4D70 /* Debug */,
				800F9F4A246653DB004C4D70 /* Release */,
			);
			defaultConfigurationIsVisible = 0;
			defaultConfigurationName = Release;
		};
/* End XCConfigurationList section */

/* Begin XCVersionGroup section */
		800F9F2F246653D9004C4D70 /* Contactivity.xcdatamodeld */ = {
			isa = XCVersionGroup;
			children = (
				800F9F30246653D9004C4D70 /* Contactivity.xcdatamodel */,
			);
			currentVersion = 800F9F30246653D9004C4D70 /* Contactivity.xcdatamodel */;
			path = Contactivity.xcdatamodeld;
			sourceTree = "<group>";
			versionGroupType = wrapper.xcdatamodel;
		};
/* End XCVersionGroup section */
	};
	rootObject = 800F9F1B246653D9004C4D70 /* Project object */;
}
